// !$*UTF8*$!
{
	archiveVersion = 1;
	classes = {
	};
	objectVersion = 55;
	objects = {

/* Begin PBXBuildFile section */
		1F3013D3289B75A70095A1BD /* CartView.swift in Sources */ = {isa = PBXBuildFile; fileRef = 1F3013D2289B75A70095A1BD /* CartView.swift */; };
		1F3013D5289B783C0095A1BD /* CartManager.swift in Sources */ = {isa = PBXBuildFile; fileRef = 1F3013D4289B783C0095A1BD /* CartManager.swift */; };
		1F3013D7289B7EBD0095A1BD /* ProductRow.swift in Sources */ = {isa = PBXBuildFile; fileRef = 1F3013D6289B7EBD0095A1BD /* ProductRow.swift */; };
		1F3DFD7928999564005D50DA /* first_ios_appApp.swift in Sources */ = {isa = PBXBuildFile; fileRef = 1F3DFD7828999564005D50DA /* first_ios_appApp.swift */; };
		1F3DFD7B28999564005D50DA /* ContentView.swift in Sources */ = {isa = PBXBuildFile; fileRef = 1F3DFD7A28999564005D50DA /* ContentView.swift */; };
		1F3DFD7D28999566005D50DA /* Assets.xcassets in Resources */ = {isa = PBXBuildFile; fileRef = 1F3DFD7C28999566005D50DA /* Assets.xcassets */; };
		1F3DFD8028999566005D50DA /* Preview Assets.xcassets in Resources */ = {isa = PBXBuildFile; fileRef = 1F3DFD7F28999566005D50DA /* Preview Assets.xcassets */; };
		1F3DFD8A28999566005D50DA /* first_ios_appTests.swift in Sources */ = {isa = PBXBuildFile; fileRef = 1F3DFD8928999566005D50DA /* first_ios_appTests.swift */; };
		1F3DFD9428999566005D50DA /* first_ios_appUITests.swift in Sources */ = {isa = PBXBuildFile; fileRef = 1F3DFD9328999566005D50DA /* first_ios_appUITests.swift */; };
		1F3DFD9628999566005D50DA /* first_ios_appUITestsLaunchTests.swift in Sources */ = {isa = PBXBuildFile; fileRef = 1F3DFD9528999566005D50DA /* first_ios_appUITestsLaunchTests.swift */; };
		1F5CCECD289A26710044D50B /* Product.swift in Sources */ = {isa = PBXBuildFile; fileRef = 1F5CCECC289A26710044D50B /* Product.swift */; };
		1FAD6B7A289AD19500154E67 /* ProductCard.swift in Sources */ = {isa = PBXBuildFile; fileRef = 1FAD6B79289AD19500154E67 /* ProductCard.swift */; };
		1FAD6B7D289AF00600154E67 /* CartButton.swift in Sources */ = {isa = PBXBuildFile; fileRef = 1FAD6B7C289AF00600154E67 /* CartButton.swift */; };
/* End PBXBuildFile section */

/* Begin PBXContainerItemProxy section */
		1F3DFD8628999566005D50DA /* PBXContainerItemProxy */ = {
			isa = PBXContainerItemProxy;
			containerPortal = 1F3DFD6D28999563005D50DA /* Project object */;
			proxyType = 1;
			remoteGlobalIDString = 1F3DFD7428999563005D50DA;
			remoteInfo = first_ios_app;
		};
		1F3DFD9028999566005D50DA /* PBXContainerItemProxy */ = {
			isa = PBXContainerItemProxy;
			containerPortal = 1F3DFD6D28999563005D50DA /* Project object */;
			proxyType = 1;
			remoteGlobalIDString = 1F3DFD7428999563005D50DA;
			remoteInfo = first_ios_app;
		};
/* End PBXContainerItemProxy section */

/* Begin PBXFileReference section */
		1F3013D2289B75A70095A1BD /* CartView.swift */ = {isa = PBXFileReference; lastKnownFileType = sourcecode.swift; path = CartView.swift; sourceTree = "<group>"; };
		1F3013D4289B783C0095A1BD /* CartManager.swift */ = {isa = PBXFileReference; lastKnownFileType = sourcecode.swift; path = CartManager.swift; sourceTree = "<group>"; };
		1F3013D6289B7EBD0095A1BD /* ProductRow.swift */ = {isa = PBXFileReference; lastKnownFileType = sourcecode.swift; path = ProductRow.swift; sourceTree = "<group>"; };
		1F3DFD7528999564005D50DA /* first_ios_app.app */ = {isa = PBXFileReference; explicitFileType = wrapper.application; includeInIndex = 0; path = first_ios_app.app; sourceTree = BUILT_PRODUCTS_DIR; };
		1F3DFD7828999564005D50DA /* first_ios_appApp.swift */ = {isa = PBXFileReference; lastKnownFileType = sourcecode.swift; path = first_ios_appApp.swift; sourceTree = "<group>"; };
		1F3DFD7A28999564005D50DA /* ContentView.swift */ = {isa = PBXFileReference; lastKnownFileType = sourcecode.swift; path = ContentView.swift; sourceTree = "<group>"; };
		1F3DFD7C28999566005D50DA /* Assets.xcassets */ = {isa = PBXFileReference; lastKnownFileType = folder.assetcatalog; path = Assets.xcassets; sourceTree = "<group>"; };
		1F3DFD7F28999566005D50DA /* Preview Assets.xcassets */ = {isa = PBXFileReference; lastKnownFileType = folder.assetcatalog; path = "Preview Assets.xcassets"; sourceTree = "<group>"; };
		1F3DFD8528999566005D50DA /* first_ios_appTests.xctest */ = {isa = PBXFileReference; explicitFileType = wrapper.cfbundle; includeInIndex = 0; path = first_ios_appTests.xctest; sourceTree = BUILT_PRODUCTS_DIR; };
		1F3DFD8928999566005D50DA /* first_ios_appTests.swift */ = {isa = PBXFileReference; lastKnownFileType = sourcecode.swift; path = first_ios_appTests.swift; sourceTree = "<group>"; };
		1F3DFD8F28999566005D50DA /* first_ios_appUITests.xctest */ = {isa = PBXFileReference; explicitFileType = wrapper.cfbundle; includeInIndex = 0; path = first_ios_appUITests.xctest; sourceTree = BUILT_PRODUCTS_DIR; };
		1F3DFD9328999566005D50DA /* first_ios_appUITests.swift */ = {isa = PBXFileReference; lastKnownFileType = sourcecode.swift; path = first_ios_appUITests.swift; sourceTree = "<group>"; };
		1F3DFD9528999566005D50DA /* first_ios_appUITestsLaunchTests.swift */ = {isa = PBXFileReference; lastKnownFileType = sourcecode.swift; path = first_ios_appUITestsLaunchTests.swift; sourceTree = "<group>"; };
		1F5CCECC289A26710044D50B /* Product.swift */ = {isa = PBXFileReference; lastKnownFileType = sourcecode.swift; path = Product.swift; sourceTree = "<group>"; };
		1FAD6B79289AD19500154E67 /* ProductCard.swift */ = {isa = PBXFileReference; lastKnownFileType = sourcecode.swift; path = ProductCard.swift; sourceTree = "<group>"; };
		1FAD6B7C289AF00600154E67 /* CartButton.swift */ = {isa = PBXFileReference; lastKnownFileType = sourcecode.swift; path = CartButton.swift; sourceTree = "<group>"; };
/* End PBXFileReference section */

/* Begin PBXFrameworksBuildPhase section */
		1F3DFD7228999563005D50DA /* Frameworks */ = {
			isa = PBXFrameworksBuildPhase;
			buildActionMask = 2147483647;
			files = (
			);
			runOnlyForDeploymentPostprocessing = 0;
		};
		1F3DFD8228999566005D50DA /* Frameworks */ = {
			isa = PBXFrameworksBuildPhase;
			buildActionMask = 2147483647;
			files = (
			);
			runOnlyForDeploymentPostprocessing = 0;
		};
		1F3DFD8C28999566005D50DA /* Frameworks */ = {
			isa = PBXFrameworksBuildPhase;
			buildActionMask = 2147483647;
			files = (
			);
			runOnlyForDeploymentPostprocessing = 0;
		};
/* End PBXFrameworksBuildPhase section */

/* Begin PBXGroup section */
		1F3DFD6C28999563005D50DA = {
			isa = PBXGroup;
			children = (
				1F3DFD7728999564005D50DA /* first_ios_app */,
				1F3DFD8828999566005D50DA /* first_ios_appTests */,
				1F3DFD9228999566005D50DA /* first_ios_appUITests */,
				1F3DFD7628999564005D50DA /* Products */,
			);
			sourceTree = "<group>";
		};
		1F3DFD7628999564005D50DA /* Products */ = {
			isa = PBXGroup;
			children = (
				1F3DFD7528999564005D50DA /* first_ios_app.app */,
				1F3DFD8528999566005D50DA /* first_ios_appTests.xctest */,
				1F3DFD8F28999566005D50DA /* first_ios_appUITests.xctest */,
			);
			name = Products;
			sourceTree = "<group>";
		};
		1F3DFD7728999564005D50DA /* first_ios_app */ = {
			isa = PBXGroup;
			children = (
				1F3DFD7828999564005D50DA /* first_ios_appApp.swift */,
				1F3DFD7C28999566005D50DA /* Assets.xcassets */,
				1FAD6B7B289ADDC500154E67 /* views */,
				1FAD6B76289AD09600154E67 /* components */,
				1F5CCECB289A25FC0044D50B /* models */,
				1F3DFD7E28999566005D50DA /* Preview Content */,
				1F3013D4289B783C0095A1BD /* CartManager.swift */,
			);
			path = first_ios_app;
			sourceTree = "<group>";
		};
		1F3DFD7E28999566005D50DA /* Preview Content */ = {
			isa = PBXGroup;
			children = (
				1F3DFD7F28999566005D50DA /* Preview Assets.xcassets */,
			);
			path = "Preview Content";
			sourceTree = "<group>";
		};
		1F3DFD8828999566005D50DA /* first_ios_appTests */ = {
			isa = PBXGroup;
			children = (
				1F3DFD8928999566005D50DA /* first_ios_appTests.swift */,
			);
			path = first_ios_appTests;
			sourceTree = "<group>";
		};
		1F3DFD9228999566005D50DA /* first_ios_appUITests */ = {
			isa = PBXGroup;
			children = (
				1F3DFD9328999566005D50DA /* first_ios_appUITests.swift */,
				1F3DFD9528999566005D50DA /* first_ios_appUITestsLaunchTests.swift */,
			);
			path = first_ios_appUITests;
			sourceTree = "<group>";
		};
		1F5CCECB289A25FC0044D50B /* models */ = {
			isa = PBXGroup;
			children = (
				1F5CCECC289A26710044D50B /* Product.swift */,
			);
			path = models;
			sourceTree = "<group>";
		};
		1FAD6B76289AD09600154E67 /* components */ = {
			isa = PBXGroup;
			children = (
				1FAD6B79289AD19500154E67 /* ProductCard.swift */,
				1F3013D6289B7EBD0095A1BD /* ProductRow.swift */,
			);
			path = components;
			sourceTree = "<group>";
		};
		1FAD6B7B289ADDC500154E67 /* views */ = {
			isa = PBXGroup;
			children = (
				1F3DFD7A28999564005D50DA /* ContentView.swift */,
				1FAD6B7C289AF00600154E67 /* CartButton.swift */,
				1F3013D2289B75A70095A1BD /* CartView.swift */,
			);
			path = views;
			sourceTree = "<group>";
		};
/* End PBXGroup section */

/* Begin PBXNativeTarget section */
		1F3DFD7428999563005D50DA /* first_ios_app */ = {
			isa = PBXNativeTarget;
			buildConfigurationList = 1F3DFD9928999566005D50DA /* Build configuration list for PBXNativeTarget "first_ios_app" */;
			buildPhases = (
				1F3DFD7128999563005D50DA /* Sources */,
				1F3DFD7228999563005D50DA /* Frameworks */,
				1F3DFD7328999563005D50DA /* Resources */,
			);
			buildRules = (
			);
			dependencies = (
			);
			name = first_ios_app;
			productName = first_ios_app;
			productReference = 1F3DFD7528999564005D50DA /* first_ios_app.app */;
			productType = "com.apple.product-type.application";
		};
		1F3DFD8428999566005D50DA /* first_ios_appTests */ = {
			isa = PBXNativeTarget;
			buildConfigurationList = 1F3DFD9C28999566005D50DA /* Build configuration list for PBXNativeTarget "first_ios_appTests" */;
			buildPhases = (
				1F3DFD8128999566005D50DA /* Sources */,
				1F3DFD8228999566005D50DA /* Frameworks */,
				1F3DFD8328999566005D50DA /* Resources */,
			);
			buildRules = (
			);
			dependencies = (
				1F3DFD8728999566005D50DA /* PBXTargetDependency */,
			);
			name = first_ios_appTests;
			productName = first_ios_appTests;
			productReference = 1F3DFD8528999566005D50DA /* first_ios_appTests.xctest */;
			productType = "com.apple.product-type.bundle.unit-test";
		};
		1F3DFD8E28999566005D50DA /* first_ios_appUITests */ = {
			isa = PBXNativeTarget;
			buildConfigurationList = 1F3DFD9F28999566005D50DA /* Build configuration list for PBXNativeTarget "first_ios_appUITests" */;
			buildPhases = (
				1F3DFD8B28999566005D50DA /* Sources */,
				1F3DFD8C28999566005D50DA /* Frameworks */,
				1F3DFD8D28999566005D50DA /* Resources */,
			);
			buildRules = (
			);
			dependencies = (
				1F3DFD9128999566005D50DA /* PBXTargetDependency */,
			);
			name = first_ios_appUITests;
			productName = first_ios_appUITests;
			productReference = 1F3DFD8F28999566005D50DA /* first_ios_appUITests.xctest */;
			productType = "com.apple.product-type.bundle.ui-testing";
		};
/* End PBXNativeTarget section */

/* Begin PBXProject section */
		1F3DFD6D28999563005D50DA /* Project object */ = {
			isa = PBXProject;
			attributes = {
				BuildIndependentTargetsInParallel = 1;
				LastSwiftUpdateCheck = 1340;
				LastUpgradeCheck = 1340;
				TargetAttributes = {
					1F3DFD7428999563005D50DA = {
						CreatedOnToolsVersion = 13.4.1;
					};
					1F3DFD8428999566005D50DA = {
						CreatedOnToolsVersion = 13.4.1;
						TestTargetID = 1F3DFD7428999563005D50DA;
					};
					1F3DFD8E28999566005D50DA = {
						CreatedOnToolsVersion = 13.4.1;
						TestTargetID = 1F3DFD7428999563005D50DA;
					};
				};
			};
			buildConfigurationList = 1F3DFD7028999563005D50DA /* Build configuration list for PBXProject "first_ios_app" */;
			compatibilityVersion = "Xcode 13.0";
			developmentRegion = en;
			hasScannedForEncodings = 0;
			knownRegions = (
				en,
				Base,
			);
			mainGroup = 1F3DFD6C28999563005D50DA;
			productRefGroup = 1F3DFD7628999564005D50DA /* Products */;
			projectDirPath = "";
			projectRoot = "";
			targets = (
				1F3DFD7428999563005D50DA /* first_ios_app */,
				1F3DFD8428999566005D50DA /* first_ios_appTests */,
				1F3DFD8E28999566005D50DA /* first_ios_appUITests */,
			);
		};
/* End PBXProject section */

/* Begin PBXResourcesBuildPhase section */
		1F3DFD7328999563005D50DA /* Resources */ = {
			isa = PBXResourcesBuildPhase;
			buildActionMask = 2147483647;
			files = (
				1F3DFD8028999566005D50DA /* Preview Assets.xcassets in Resources */,
				1F3DFD7D28999566005D50DA /* Assets.xcassets in Resources */,
			);
			runOnlyForDeploymentPostprocessing = 0;
		};
		1F3DFD8328999566005D50DA /* Resources */ = {
			isa = PBXResourcesBuildPhase;
			buildActionMask = 2147483647;
			files = (
			);
			runOnlyForDeploymentPostprocessing = 0;
		};
		1F3DFD8D28999566005D50DA /* Resources */ = {
			isa = PBXResourcesBuildPhase;
			buildActionMask = 2147483647;
			files = (
			);
			runOnlyForDeploymentPostprocessing = 0;
		};
/* End PBXResourcesBuildPhase section */

/* Begin PBXSourcesBuildPhase section */
		1F3DFD7128999563005D50DA /* Sources */ = {
			isa = PBXSourcesBuildPhase;
			buildActionMask = 2147483647;
			files = (
				1F3013D3289B75A70095A1BD /* CartView.swift in Sources */,
				1FAD6B7D289AF00600154E67 /* CartButton.swift in Sources */,
				1F3013D5289B783C0095A1BD /* CartManager.swift in Sources */,
				1F3DFD7B28999564005D50DA /* ContentView.swift in Sources */,
				1F3013D7289B7EBD0095A1BD /* ProductRow.swift in Sources */,
				1F3DFD7928999564005D50DA /* first_ios_appApp.swift in Sources */,
				1F5CCECD289A26710044D50B /* Product.swift in Sources */,
				1FAD6B7A289AD19500154E67 /* ProductCard.swift in Sources */,
			);
			runOnlyForDeploymentPostprocessing = 0;
		};
		1F3DFD8128999566005D50DA /* Sources */ = {
			isa = PBXSourcesBuildPhase;
			buildActionMask = 2147483647;
			files = (
				1F3DFD8A28999566005D50DA /* first_ios_appTests.swift in Sources */,
			);
			runOnlyForDeploymentPostprocessing = 0;
		};
		1F3DFD8B28999566005D50DA /* Sources */ = {
			isa = PBXSourcesBuildPhase;
			buildActionMask = 2147483647;
			files = (
				1F3DFD9428999566005D50DA /* first_ios_appUITests.swift in Sources */,
				1F3DFD9628999566005D50DA /* first_ios_appUITestsLaunchTests.swift in Sources */,
			);
			runOnlyForDeploymentPostprocessing = 0;
		};
/* End PBXSourcesBuildPhase section */

/* Begin PBXTargetDependency section */
		1F3DFD8728999566005D50DA /* PBXTargetDependency */ = {
			isa = PBXTargetDependency;
			target = 1F3DFD7428999563005D50DA /* first_ios_app */;
			targetProxy = 1F3DFD8628999566005D50DA /* PBXContainerItemProxy */;
		};
		1F3DFD9128999566005D50DA /* PBXTargetDependency */ = {
			isa = PBXTargetDependency;
			target = 1F3DFD7428999563005D50DA /* first_ios_app */;
			targetProxy = 1F3DFD9028999566005D50DA /* PBXContainerItemProxy */;
		};
/* End PBXTargetDependency section */

/* Begin XCBuildConfiguration section */
		1F3DFD9728999566005D50DA /* Debug */ = {
			isa = XCBuildConfiguration;
			buildSettings = {
				ALWAYS_SEARCH_USER_PATHS = NO;
				CLANG_ANALYZER_NONNULL = YES;
				CLANG_ANALYZER_NUMBER_OBJECT_CONVERSION = YES_AGGRESSIVE;
				CLANG_CXX_LANGUAGE_STANDARD = "gnu++17";
				CLANG_ENABLE_MODULES = YES;
				CLANG_ENABLE_OBJC_ARC = YES;
				CLANG_ENABLE_OBJC_WEAK = YES;
				CLANG_WARN_BLOCK_CAPTURE_AUTORELEASING = YES;
				CLANG_WARN_BOOL_CONVERSION = YES;
				CLANG_WARN_COMMA = YES;
				CLANG_WARN_CONSTANT_CONVERSION = YES;
				CLANG_WARN_DEPRECATED_OBJC_IMPLEMENTATIONS = YES;
				CLANG_WARN_DIRECT_OBJC_ISA_USAGE = YES_ERROR;
				CLANG_WARN_DOCUMENTATION_COMMENTS = YES;
				CLANG_WARN_EMPTY_BODY = YES;
				CLANG_WARN_ENUM_CONVERSION = YES;
				CLANG_WARN_INFINITE_RECURSION = YES;
				CLANG_WARN_INT_CONVERSION = YES;
				CLANG_WARN_NON_LITERAL_NULL_CONVERSION = YES;
				CLANG_WARN_OBJC_IMPLICIT_RETAIN_SELF = YES;
				CLANG_WARN_OBJC_LITERAL_CONVERSION = YES;
				CLANG_WARN_OBJC_ROOT_CLASS = YES_ERROR;
				CLANG_WARN_QUOTED_INCLUDE_IN_FRAMEWORK_HEADER = YES;
				CLANG_WARN_RANGE_LOOP_ANALYSIS = YES;
				CLANG_WARN_STRICT_PROTOTYPES = YES;
				CLANG_WARN_SUSPICIOUS_MOVE = YES;
				CLANG_WARN_UNGUARDED_AVAILABILITY = YES_AGGRESSIVE;
				CLANG_WARN_UNREACHABLE_CODE = YES;
				CLANG_WARN__DUPLICATE_METHOD_MATCH = YES;
				COPY_PHASE_STRIP = NO;
				DEBUG_INFORMATION_FORMAT = dwarf;
				ENABLE_STRICT_OBJC_MSGSEND = YES;
				ENABLE_TESTABILITY = YES;
				GCC_C_LANGUAGE_STANDARD = gnu11;
				GCC_DYNAMIC_NO_PIC = NO;
				GCC_NO_COMMON_BLOCKS = YES;
				GCC_OPTIMIZATION_LEVEL = 0;
				GCC_PREPROCESSOR_DEFINITIONS = (
					"DEBUG=1",
					"$(inherited)",
				);
				GCC_WARN_64_TO_32_BIT_CONVERSION = YES;
				GCC_WARN_ABOUT_RETURN_TYPE = YES_ERROR;
				GCC_WARN_UNDECLARED_SELECTOR = YES;
				GCC_WARN_UNINITIALIZED_AUTOS = YES_AGGRESSIVE;
				GCC_WARN_UNUSED_FUNCTION = YES;
				GCC_WARN_UNUSED_VARIABLE = YES;
				IPHONEOS_DEPLOYMENT_TARGET = 15.5;
				MTL_ENABLE_DEBUG_INFO = INCLUDE_SOURCE;
				MTL_FAST_MATH = YES;
				ONLY_ACTIVE_ARCH = YES;
				SDKROOT = iphoneos;
				SWIFT_ACTIVE_COMPILATION_CONDITIONS = DEBUG;
				SWIFT_OPTIMIZATION_LEVEL = "-Onone";
			};
			name = Debug;
		};
		1F3DFD9828999566005D50DA /* Release */ = {
			isa = XCBuildConfiguration;
			buildSettings = {
				ALWAYS_SEARCH_USER_PATHS = NO;
				CLANG_ANALYZER_NONNULL = YES;
				CLANG_ANALYZER_NUMBER_OBJECT_CONVERSION = YES_AGGRESSIVE;
				CLANG_CXX_LANGUAGE_STANDARD = "gnu++17";
				CLANG_ENABLE_MODULES = YES;
				CLANG_ENABLE_OBJC_ARC = YES;
				CLANG_ENABLE_OBJC_WEAK = YES;
				CLANG_WARN_BLOCK_CAPTURE_AUTORELEASING = YES;
				CLANG_WARN_BOOL_CONVERSION = YES;
				CLANG_WARN_COMMA = YES;
				CLANG_WARN_CONSTANT_CONVERSION = YES;
				CLANG_WARN_DEPRECATED_OBJC_IMPLEMENTATIONS = YES;
				CLANG_WARN_DIRECT_OBJC_ISA_USAGE = YES_ERROR;
				CLANG_WARN_DOCUMENTATION_COMMENTS = YES;
				CLANG_WARN_EMPTY_BODY = YES;
				CLANG_WARN_ENUM_CONVERSION = YES;
				CLANG_WARN_INFINITE_RECURSION = YES;
				CLANG_WARN_INT_CONVERSION = YES;
				CLANG_WARN_NON_LITERAL_NULL_CONVERSION = YES;
				CLANG_WARN_OBJC_IMPLICIT_RETAIN_SELF = YES;
				CLANG_WARN_OBJC_LITERAL_CONVERSION = YES;
				CLANG_WARN_OBJC_ROOT_CLASS = YES_ERROR;
				CLANG_WARN_QUOTED_INCLUDE_IN_FRAMEWORK_HEADER = YES;
				CLANG_WARN_RANGE_LOOP_ANALYSIS = YES;
				CLANG_WARN_STRICT_PROTOTYPES = YES;
				CLANG_WARN_SUSPICIOUS_MOVE = YES;
				CLANG_WARN_UNGUARDED_AVAILABILITY = YES_AGGRESSIVE;
				CLANG_WARN_UNREACHABLE_CODE = YES;
				CLANG_WARN__DUPLICATE_METHOD_MATCH = YES;
				COPY_PHASE_STRIP = NO;
				DEBUG_INFORMATION_FORMAT = "dwarf-with-dsym";
				ENABLE_NS_ASSERTIONS = NO;
				ENABLE_STRICT_OBJC_MSGSEND = YES;
				GCC_C_LANGUAGE_STANDARD = gnu11;
				GCC_NO_COMMON_BLOCKS = YES;
				GCC_WARN_64_TO_32_BIT_CONVERSION = YES;
				GCC_WARN_ABOUT_RETURN_TYPE = YES_ERROR;
				GCC_WARN_UNDECLARED_SELECTOR = YES;
				GCC_WARN_UNINITIALIZED_AUTOS = YES_AGGRESSIVE;
				GCC_WARN_UNUSED_FUNCTION = YES;
				GCC_WARN_UNUSED_VARIABLE = YES;
				IPHONEOS_DEPLOYMENT_TARGET = 15.5;
				MTL_ENABLE_DEBUG_INFO = NO;
				MTL_FAST_MATH = YES;
				SDKROOT = iphoneos;
				SWIFT_COMPILATION_MODE = wholemodule;
				SWIFT_OPTIMIZATION_LEVEL = "-O";
				VALIDATE_PRODUCT = YES;
			};
			name = Release;
		};
		1F3DFD9A28999566005D50DA /* Debug */ = {
			isa = XCBuildConfiguration;
			buildSettings = {
				ASSETCATALOG_COMPILER_APPICON_NAME = AppIcon;
				ASSETCATALOG_COMPILER_GLOBAL_ACCENT_COLOR_NAME = AccentColor;
				CODE_SIGN_STYLE = Automatic;
				CURRENT_PROJECT_VERSION = 1;
				DEVELOPMENT_ASSET_PATHS = "\"first_ios_app/Preview Content\"";
				DEVELOPMENT_TEAM = U57S23L732;
				ENABLE_PREVIEWS = YES;
				GENERATE_INFOPLIST_FILE = YES;
				INFOPLIST_KEY_UIApplicationSceneManifest_Generation = YES;
				INFOPLIST_KEY_UIApplicationSupportsIndirectInputEvents = YES;
				INFOPLIST_KEY_UILaunchScreen_Generation = YES;
				INFOPLIST_KEY_UISupportedInterfaceOrientations_iPad = "UIInterfaceOrientationPortrait UIInterfaceOrientationPortraitUpsideDown UIInterfaceOrientationLandscapeLeft UIInterfaceOrientationLandscapeRight";
				INFOPLIST_KEY_UISupportedInterfaceOrientations_iPhone = "UIInterfaceOrientationPortrait UIInterfaceOrientationLandscapeLeft UIInterfaceOrientationLandscapeRight";
				LD_RUNPATH_SEARCH_PATHS = (
					"$(inherited)",
					"@executable_path/Frameworks",
				);
				MARKETING_VERSION = 1.0;
				PRODUCT_BUNDLE_IDENTIFIER = "com.debduttapanda.first-ios-app";
				PRODUCT_NAME = "$(TARGET_NAME)";
				SWIFT_EMIT_LOC_STRINGS = YES;
				SWIFT_VERSION = 5.0;
				TARGETED_DEVICE_FAMILY = "1,2";
			};
			name = Debug;
		};
		1F3DFD9B28999566005D50DA /* Release */ = {
			isa = XCBuildConfiguration;
			buildSettings = {
				ASSETCATALOG_COMPILER_APPICON_NAME = AppIcon;
				ASSETCATALOG_COMPILER_GLOBAL_ACCENT_COLOR_NAME = AccentColor;
				CODE_SIGN_STYLE = Automatic;
				CURRENT_PROJECT_VERSION = 1;
				DEVELOPMENT_ASSET_PATHS = "\"first_ios_app/Preview Content\"";
				DEVELOPMENT_TEAM = U57S23L732;
				ENABLE_PREVIEWS = YES;
				GENERATE_INFOPLIST_FILE = YES;
				INFOPLIST_KEY_UIApplicationSceneManifest_Generation = YES;
				INFOPLIST_KEY_UIApplicationSupportsIndirectInputEvents = YES;
				INFOPLIST_KEY_UILaunchScreen_Generation = YES;
				INFOPLIST_KEY_UISupportedInterfaceOrientations_iPad = "UIInterfaceOrientationPortrait UIInterfaceOrientationPortraitUpsideDown UIInterfaceOrientationLandscapeLeft UIInterfaceOrientationLandscapeRight";
				INFOPLIST_KEY_UISupportedInterfaceOrientations_iPhone = "UIInterfaceOrientationPortrait UIInterfaceOrientationLandscapeLeft UIInterfaceOrientationLandscapeRight";
				LD_RUNPATH_SEARCH_PATHS = (
					"$(inherited)",
					"@executable_path/Frameworks",
				);
				MARKETING_VERSION = 1.0;
				PRODUCT_BUNDLE_IDENTIFIER = "com.debduttapanda.first-ios-app";
				PRODUCT_NAME = "$(TARGET_NAME)";
				SWIFT_EMIT_LOC_STRINGS = YES;
				SWIFT_VERSION = 5.0;
				TARGETED_DEVICE_FAMILY = "1,2";
			};
			name = Release;
		};
		1F3DFD9D28999566005D50DA /* Debug */ = {
			isa = XCBuildConfiguration;
			buildSettings = {
				ALWAYS_EMBED_SWIFT_STANDARD_LIBRARIES = YES;
				BUNDLE_LOADER = "$(TEST_HOST)";
				CODE_SIGN_STYLE = Automatic;
				CURRENT_PROJECT_VERSION = 1;
				GENERATE_INFOPLIST_FILE = YES;
				IPHONEOS_DEPLOYMENT_TARGET = 15.5;
				MARKETING_VERSION = 1.0;
				PRODUCT_BUNDLE_IDENTIFIER = "com.debduttapanda.first-ios-appTests";
				PRODUCT_NAME = "$(TARGET_NAME)";
				SWIFT_EMIT_LOC_STRINGS = NO;
				SWIFT_VERSION = 5.0;
				TARGETED_DEVICE_FAMILY = "1,2";
				TEST_HOST = "$(BUILT_PRODUCTS_DIR)/first_ios_app.app/first_ios_app";
			};
			name = Debug;
		};
		1F3DFD9E28999566005D50DA /* Release */ = {
			isa = XCBuildConfiguration;
			buildSettings = {
				ALWAYS_EMBED_SWIFT_STANDARD_LIBRARIES = YES;
				BUNDLE_LOADER = "$(TEST_HOST)";
				CODE_SIGN_STYLE = Automatic;
				CURRENT_PROJECT_VERSION = 1;
				GENERATE_INFOPLIST_FILE = YES;
				IPHONEOS_DEPLOYMENT_TARGET = 15.5;
				MARKETING_VERSION = 1.0;
				PRODUCT_BUNDLE_IDENTIFIER = "com.debduttapanda.first-ios-appTests";
				PRODUCT_NAME = "$(TARGET_NAME)";
				SWIFT_EMIT_LOC_STRINGS = NO;
				SWIFT_VERSION = 5.0;
				TARGETED_DEVICE_FAMILY = "1,2";
				TEST_HOST = "$(BUILT_PRODUCTS_DIR)/first_ios_app.app/first_ios_app";
			};
			name = Release;
		};
		1F3DFDA028999566005D50DA /* Debug */ = {
			isa = XCBuildConfiguration;
			buildSettings = {
				ALWAYS_EMBED_SWIFT_STANDARD_LIBRARIES = YES;
				CODE_SIGN_STYLE = Automatic;
				CURRENT_PROJECT_VERSION = 1;
				GENERATE_INFOPLIST_FILE = YES;
				MARKETING_VERSION = 1.0;
				PRODUCT_BUNDLE_IDENTIFIER = "com.debduttapanda.first-ios-appUITests";
				PRODUCT_NAME = "$(TARGET_NAME)";
				SWIFT_EMIT_LOC_STRINGS = NO;
				SWIFT_VERSION = 5.0;
				TARGETED_DEVICE_FAMILY = "1,2";
				TEST_TARGET_NAME = first_ios_app;
			};
			name = Debug;
		};
		1F3DFDA128999566005D50DA /* Release */ = {
			isa = XCBuildConfiguration;
			buildSettings = {
				ALWAYS_EMBED_SWIFT_STANDARD_LIBRARIES = YES;
				CODE_SIGN_STYLE = Automatic;
				CURRENT_PROJECT_VERSION = 1;
				GENERATE_INFOPLIST_FILE = YES;
				MARKETING_VERSION = 1.0;
				PRODUCT_BUNDLE_IDENTIFIER = "com.debduttapanda.first-ios-appUITests";
				PRODUCT_NAME = "$(TARGET_NAME)";
				SWIFT_EMIT_LOC_STRINGS = NO;
				SWIFT_VERSION = 5.0;
				TARGETED_DEVICE_FAMILY = "1,2";
				TEST_TARGET_NAME = first_ios_app;
			};
			name = Release;
		};
/* End XCBuildConfiguration section */

/* Begin XCConfigurationList section */
		1F3DFD7028999563005D50DA /* Build configuration list for PBXProject "first_ios_app" */ = {
			isa = XCConfigurationList;
			buildConfigurations = (
				1F3DFD9728999566005D50DA /* Debug */,
				1F3DFD9828999566005D50DA /* Release */,
			);
			defaultConfigurationIsVisible = 0;
			defaultConfigurationName = Release;
		};
		1F3DFD9928999566005D50DA /* Build configuration list for PBXNativeTarget "first_ios_app" */ = {
			isa = XCConfigurationList;
			buildConfigurations = (
				1F3DFD9A28999566005D50DA /* Debug */,
				1F3DFD9B28999566005D50DA /* Release */,
			);
			defaultConfigurationIsVisible = 0;
			defaultConfigurationName = Release;
		};
		1F3DFD9C28999566005D50DA /* Build configuration list for PBXNativeTarget "first_ios_appTests" */ = {
			isa = XCConfigurationList;
			buildConfigurations = (
				1F3DFD9D28999566005D50DA /* Debug */,
				1F3DFD9E28999566005D50DA /* Release */,
			);
			defaultConfigurationIsVisible = 0;
			defaultConfigurationName = Release;
		};
		1F3DFD9F28999566005D50DA /* Build configuration list for PBXNativeTarget "first_ios_appUITests" */ = {
			isa = XCConfigurationList;
			buildConfigurations = (
				1F3DFDA028999566005D50DA /* Debug */,
				1F3DFDA128999566005D50DA /* Release */,
			);
			defaultConfigurationIsVisible = 0;
			defaultConfigurationName = Release;
		};
/* End XCConfigurationList section */
	};
	rootObject = 1F3DFD6D28999563005D50DA /* Project object */;
}
